
Microsoft Visual Studio Solution File, Format Version 12.00
# Visual Studio 15
VisualStudioVersion = 15.0.27428.2037
MinimumVisualStudioVersion = 10.0.40219.1
Project("{FAE04EC0-301F-11D3-BF4B-00C04F79EFBC}") = "pptxAutoGenetate", "pptxAutoGenetate\pptxAutoGenetate.csproj", "{F1095B0C-292D-47CC-9E79-10731230FFF1}"
EndProject
Global
	GlobalSection(SolutionConfigurationPlatforms) = preSolution
		Debug|Any CPU = Debug|Any CPU
		Release|Any CPU = Release|Any CPU
	EndGlobalSection
	GlobalSection(ProjectConfigurationPlatforms) = postSolution
		{F1095B0C-292D-47CC-9E79-10731230FFF1}.Debug|Any CPU.ActiveCfg = Debug|Any CPU
		{F1095B0C-292D-47CC-9E79-10731230FFF1}.Debug|Any CPU.Build.0 = Debug|Any CPU
		{F1095B0C-292D-47CC-9E79-10731230FFF1}.Release|Any CPU.ActiveCfg = Release|Any CPU
		{F1095B0C-292D-47CC-9E79-10731230FFF1}.Release|Any CPU.Build.0 = Release|Any CPU
	EndGlobalSection
	GlobalSection(SolutionProperties) = preSolution
		HideSolutionNode = FALSE
	EndGlobalSection
	GlobalSection(ExtensibilityGlobals) = postSolution
		SolutionGuid = {21918570-F2CC-4E5D-BC98-F35C04776B2D}
	EndGlobalSection
EndGlobal
